
Microsoft Visual Studio Solution File, Format Version 12.00
# Visual Studio Version 16
VisualStudioVersion = 16.0.31702.278
MinimumVisualStudioVersion = 10.0.40219.1
Project("{9A19103F-16F7-4668-BE54-9A1E7A4F7556}") = "AlgorithmPractice", "AlgorithmPractice.csproj", "{2B069ED4-95DA-4AB3-A7C0-FB2CD5829DB7}"
EndProject
Project("{9A19103F-16F7-4668-BE54-9A1E7A4F7556}") = "Leetcode", "LeetCode\Leetcode.csproj", "{7484A182-64D5-4CAC-88C2-7115C33CC8B7}"
EndProject
Global
	GlobalSection(SolutionConfigurationPlatforms) = preSolution
		Debug|Any CPU = Debug|Any CPU
		Release|Any CPU = Release|Any CPU
	EndGlobalSection
	GlobalSection(ProjectConfigurationPlatforms) = postSolution
		{2B069ED4-95DA-4AB3-A7C0-FB2CD5829DB7}.Debug|Any CPU.ActiveCfg = Debug|Any CPU
		{2B069ED4-95DA-4AB3-A7C0-FB2CD5829DB7}.Debug|Any CPU.Build.0 = Debug|Any CPU
		{2B069ED4-95DA-4AB3-A7C0-FB2CD5829DB7}.Release|Any CPU.ActiveCfg = Release|Any CPU
		{2B069ED4-95DA-4AB3-A7C0-FB2CD5829DB7}.Release|Any CPU.Build.0 = Release|Any CPU
		{7484A182-64D5-4CAC-88C2-7115C33CC8B7}.Debug|Any CPU.ActiveCfg = Debug|Any CPU
		{7484A182-64D5-4CAC-88C2-7115C33CC8B7}.Debug|Any CPU.Build.0 = Debug|Any CPU
		{7484A182-64D5-4CAC-88C2-7115C33CC8B7}.Release|Any CPU.ActiveCfg = Release|Any CPU
		{7484A182-64D5-4CAC-88C2-7115C33CC8B7}.Release|Any CPU.Build.0 = Release|Any CPU
	EndGlobalSection
	GlobalSection(SolutionProperties) = preSolution
		HideSolutionNode = FALSE
	EndGlobalSection
	GlobalSection(ExtensibilityGlobals) = postSolution
		SolutionGuid = {70577874-1C35-48D3-AB9B-90807ED79073}
	EndGlobalSection
EndGlobal
